
Microsoft Visual Studio Solution File, Format Version 12.00
# Visual Studio 15
VisualStudioVersion = 15.0.28307.539
MinimumVisualStudioVersion = 10.0.40219.1
Project("{FAE04EC0-301F-11D3-BF4B-00C04F79EFBC}") = "SimulationMouseKeyboard", "SimulationMouseKeyboard\SimulationMouseKeyboard.csproj", "{38C753F3-470B-41DE-A76E-82CCB05EC25A}"
EndProject
Project("{FAE04EC0-301F-11D3-BF4B-00C04F79EFBC}") = "SimulationMouseKeyboardForm", "SimulationMouseKeyboardForm\SimulationMouseKeyboardForm.csproj", "{47D5CA01-E506-4075-9C54-B6F5B9910982}"
EndProject
Project("{2150E333-8FDC-42A3-9474-1A3956D46DE8}") = "Solution Items", "Solution Items", "{C669B360-DD7F-41EF-846F-F677DC8C9477}"
	ProjectSection(SolutionItems) = preProject
		.gitignore = .gitignore
	EndProjectSection
EndProject
Project("{FAE04EC0-301F-11D3-BF4B-00C04F79EFBC}") = "UnitTestProject1", "UnitTestProject1\UnitTestProject1.csproj", "{B31ABD14-5025-4CE2-9363-F72122BAC0F2}"
EndProject
Project("{FAE04EC0-301F-11D3-BF4B-00C04F79EFBC}") = "User32Test", "SearchBar\User32Test.csproj", "{A25C0BFC-BCC7-447E-9D04-3EFBD4AC3939}"
EndProject
Project("{FAE04EC0-301F-11D3-BF4B-00C04F79EFBC}") = "DMTest", "DMTest\DMTest.csproj", "{34DBD508-92F4-4489-AA14-43BF412C2101}"
EndProject
Project("{FAE04EC0-301F-11D3-BF4B-00C04F79EFBC}") = "HookTest", "HookTest\HookTest.csproj", "{1A1A60E3-12E8-41EE-863D-6CDC35547D22}"
EndProject
Project("{FAE04EC0-301F-11D3-BF4B-00C04F79EFBC}") = "FileUploadDownLoad", "FileUploadDownLoad\FileUploadDownLoad.csproj", "{0B5C303F-6C6C-4829-97A5-FE4D4A0DA16F}"
EndProject
Project("{FAE04EC0-301F-11D3-BF4B-00C04F79EFBC}") = "PYTPrinter", "PYTPrinter\PYTPrinter.csproj", "{873A0DA2-EE93-428A-B8BC-7FCD66CA0DA6}"
EndProject
Project("{FAE04EC0-301F-11D3-BF4B-00C04F79EFBC}") = "Submit360", "Submit360\Submit360.csproj", "{09909548-97B6-46F1-AB57-B1B5B066C25B}"
EndProject
Project("{FAE04EC0-301F-11D3-BF4B-00C04F79EFBC}") = "NlogLearn", "NlogLearn\NlogLearn.csproj", "{514F4621-D142-4643-8EE0-E8C8D96A8367}"
EndProject
Project("{FAE04EC0-301F-11D3-BF4B-00C04F79EFBC}") = "GetProcessDemo", "GetProcessDemo\GetProcessDemo.csproj", "{9B2717DA-7F6C-49FB-8A36-FA973B1BE617}"
EndProject
Project("{FAE04EC0-301F-11D3-BF4B-00C04F79EFBC}") = "CCWinServiceLearn", "CCWinServiceLearn\CCWinServiceLearn.csproj", "{FC9D98E4-EE93-4C9B-BC2B-ADF0569726E4}"
EndProject
Project("{FAE04EC0-301F-11D3-BF4B-00C04F79EFBC}") = "WinHelper", "WinServiceHelper\WinHelper.csproj", "{88A394EF-D26C-4651-9F81-14F3093931A7}"
EndProject
Project("{FAE04EC0-301F-11D3-BF4B-00C04F79EFBC}") = "ConsoleApp1", "ConsoleApp1\ConsoleApp1.csproj", "{C8D7DE74-E96F-46B7-99E4-2AF0F3319DD5}"
EndProject
Project("{FAE04EC0-301F-11D3-BF4B-00C04F79EFBC}") = "WindowsService1", "WindowsService1\WindowsService1.csproj", "{B6D7BB20-459F-433D-9463-31A82F51957A}"
EndProject
Project("{FAE04EC0-301F-11D3-BF4B-00C04F79EFBC}") = "demo", "demo\demo.csproj", "{9A1995E6-8D5C-48FF-9C8C-76943126B5CA}"
EndProject
Global
	GlobalSection(SolutionConfigurationPlatforms) = preSolution
		Debug|Any CPU = Debug|Any CPU
		Debug|x86 = Debug|x86
		Release|Any CPU = Release|Any CPU
		Release|x86 = Release|x86
	EndGlobalSection
	GlobalSection(ProjectConfigurationPlatforms) = postSolution
		{38C753F3-470B-41DE-A76E-82CCB05EC25A}.Debug|Any CPU.ActiveCfg = Debug|Any CPU
		{38C753F3-470B-41DE-A76E-82CCB05EC25A}.Debug|Any CPU.Build.0 = Debug|Any CPU
		{38C753F3-470B-41DE-A76E-82CCB05EC25A}.Debug|x86.ActiveCfg = Debug|Any CPU
		{38C753F3-470B-41DE-A76E-82CCB05EC25A}.Debug|x86.Build.0 = Debug|Any CPU
		{38C753F3-470B-41DE-A76E-82CCB05EC25A}.Release|Any CPU.ActiveCfg = Release|Any CPU
		{38C753F3-470B-41DE-A76E-82CCB05EC25A}.Release|Any CPU.Build.0 = Release|Any CPU
		{38C753F3-470B-41DE-A76E-82CCB05EC25A}.Release|x86.ActiveCfg = Release|Any CPU
		{38C753F3-470B-41DE-A76E-82CCB05EC25A}.Release|x86.Build.0 = Release|Any CPU
		{47D5CA01-E506-4075-9C54-B6F5B9910982}.Debug|Any CPU.ActiveCfg = Debug|Any CPU
		{47D5CA01-E506-4075-9C54-B6F5B9910982}.Debug|Any CPU.Build.0 = Debug|Any CPU
		{47D5CA01-E506-4075-9C54-B6F5B9910982}.Debug|x86.ActiveCfg = Debug|Any CPU
		{47D5CA01-E506-4075-9C54-B6F5B9910982}.Debug|x86.Build.0 = Debug|Any CPU
		{47D5CA01-E506-4075-9C54-B6F5B9910982}.Release|Any CPU.ActiveCfg = Release|Any CPU
		{47D5CA01-E506-4075-9C54-B6F5B9910982}.Release|Any CPU.Build.0 = Release|Any CPU
		{47D5CA01-E506-4075-9C54-B6F5B9910982}.Release|x86.ActiveCfg = Release|Any CPU
		{47D5CA01-E506-4075-9C54-B6F5B9910982}.Release|x86.Build.0 = Release|Any CPU
		{B31ABD14-5025-4CE2-9363-F72122BAC0F2}.Debug|Any CPU.ActiveCfg = Debug|Any CPU
		{B31ABD14-5025-4CE2-9363-F72122BAC0F2}.Debug|Any CPU.Build.0 = Debug|Any CPU
		{B31ABD14-5025-4CE2-9363-F72122BAC0F2}.Debug|x86.ActiveCfg = Debug|Any CPU
		{B31ABD14-5025-4CE2-9363-F72122BAC0F2}.Debug|x86.Build.0 = Debug|Any CPU
		{B31ABD14-5025-4CE2-9363-F72122BAC0F2}.Release|Any CPU.ActiveCfg = Release|Any CPU
		{B31ABD14-5025-4CE2-9363-F72122BAC0F2}.Release|Any CPU.Build.0 = Release|Any CPU
		{B31ABD14-5025-4CE2-9363-F72122BAC0F2}.Release|x86.ActiveCfg = Release|Any CPU
		{B31ABD14-5025-4CE2-9363-F72122BAC0F2}.Release|x86.Build.0 = Release|Any CPU
		{A25C0BFC-BCC7-447E-9D04-3EFBD4AC3939}.Debug|Any CPU.ActiveCfg = Debug|Any CPU
		{A25C0BFC-BCC7-447E-9D04-3EFBD4AC3939}.Debug|Any CPU.Build.0 = Debug|Any CPU
		{A25C0BFC-BCC7-447E-9D04-3EFBD4AC3939}.Debug|x86.ActiveCfg = Debug|x86
		{A25C0BFC-BCC7-447E-9D04-3EFBD4AC3939}.Debug|x86.Build.0 = Debug|x86
		{A25C0BFC-BCC7-447E-9D04-3EFBD4AC3939}.Release|Any CPU.ActiveCfg = Release|Any CPU
		{A25C0BFC-BCC7-447E-9D04-3EFBD4AC3939}.Release|Any CPU.Build.0 = Release|Any CPU
		{A25C0BFC-BCC7-447E-9D04-3EFBD4AC3939}.Release|x86.ActiveCfg = Release|x86
		{A25C0BFC-BCC7-447E-9D04-3EFBD4AC3939}.Release|x86.Build.0 = Release|x86
		{34DBD508-92F4-4489-AA14-43BF412C2101}.Debug|Any CPU.ActiveCfg = Debug|Any CPU
		{34DBD508-92F4-4489-AA14-43BF412C2101}.Debug|Any CPU.Build.0 = Debug|Any CPU
		{34DBD508-92F4-4489-AA14-43BF412C2101}.Debug|x86.ActiveCfg = Debug|Any CPU
		{34DBD508-92F4-4489-AA14-43BF412C2101}.Debug|x86.Build.0 = Debug|Any CPU
		{34DBD508-92F4-4489-AA14-43BF412C2101}.Release|Any CPU.ActiveCfg = Release|Any CPU
		{34DBD508-92F4-4489-AA14-43BF412C2101}.Release|Any CPU.Build.0 = Release|Any CPU
		{34DBD508-92F4-4489-AA14-43BF412C2101}.Release|x86.ActiveCfg = Release|Any CPU
		{34DBD508-92F4-4489-AA14-43BF412C2101}.Release|x86.Build.0 = Release|Any CPU
		{1A1A60E3-12E8-41EE-863D-6CDC35547D22}.Debug|Any CPU.ActiveCfg = Debug|Any CPU
		{1A1A60E3-12E8-41EE-863D-6CDC35547D22}.Debug|Any CPU.Build.0 = Debug|Any CPU
		{1A1A60E3-12E8-41EE-863D-6CDC35547D22}.Debug|x86.ActiveCfg = Debug|Any CPU
		{1A1A60E3-12E8-41EE-863D-6CDC35547D22}.Debug|x86.Build.0 = Debug|Any CPU
		{1A1A60E3-12E8-41EE-863D-6CDC35547D22}.Release|Any CPU.ActiveCfg = Release|Any CPU
		{1A1A60E3-12E8-41EE-863D-6CDC35547D22}.Release|Any CPU.Build.0 = Release|Any CPU
		{1A1A60E3-12E8-41EE-863D-6CDC35547D22}.Release|x86.ActiveCfg = Release|Any CPU
		{1A1A60E3-12E8-41EE-863D-6CDC35547D22}.Release|x86.Build.0 = Release|Any CPU
		{0B5C303F-6C6C-4829-97A5-FE4D4A0DA16F}.Debug|Any CPU.ActiveCfg = Debug|Any CPU
		{0B5C303F-6C6C-4829-97A5-FE4D4A0DA16F}.Debug|Any CPU.Build.0 = Debug|Any CPU
		{0B5C303F-6C6C-4829-97A5-FE4D4A0DA16F}.Debug|x86.ActiveCfg = Debug|Any CPU
		{0B5C303F-6C6C-4829-97A5-FE4D4A0DA16F}.Debug|x86.Build.0 = Debug|Any CPU
		{0B5C303F-6C6C-4829-97A5-FE4D4A0DA16F}.Release|Any CPU.ActiveCfg = Release|Any CPU
		{0B5C303F-6C6C-4829-97A5-FE4D4A0DA16F}.Release|Any CPU.Build.0 = Release|Any CPU
		{0B5C303F-6C6C-4829-97A5-FE4D4A0DA16F}.Release|x86.ActiveCfg = Release|Any CPU
		{0B5C303F-6C6C-4829-97A5-FE4D4A0DA16F}.Release|x86.Build.0 = Release|Any CPU
		{873A0DA2-EE93-428A-B8BC-7FCD66CA0DA6}.Debug|Any CPU.ActiveCfg = Debug|Any CPU
		{873A0DA2-EE93-428A-B8BC-7FCD66CA0DA6}.Debug|Any CPU.Build.0 = Debug|Any CPU
		{873A0DA2-EE93-428A-B8BC-7FCD66CA0DA6}.Debug|x86.ActiveCfg = Debug|Any CPU
		{873A0DA2-EE93-428A-B8BC-7FCD66CA0DA6}.Debug|x86.Build.0 = Debug|Any CPU
		{873A0DA2-EE93-428A-B8BC-7FCD66CA0DA6}.Release|Any CPU.ActiveCfg = Release|Any CPU
		{873A0DA2-EE93-428A-B8BC-7FCD66CA0DA6}.Release|Any CPU.Build.0 = Release|Any CPU
		{873A0DA2-EE93-428A-B8BC-7FCD66CA0DA6}.Release|x86.ActiveCfg = Release|Any CPU
		{873A0DA2-EE93-428A-B8BC-7FCD66CA0DA6}.Release|x86.Build.0 = Release|Any CPU
		{09909548-97B6-46F1-AB57-B1B5B066C25B}.Debug|Any CPU.ActiveCfg = Debug|Any CPU
		{09909548-97B6-46F1-AB57-B1B5B066C25B}.Debug|Any CPU.Build.0 = Debug|Any CPU
		{09909548-97B6-46F1-AB57-B1B5B066C25B}.Debug|x86.ActiveCfg = Debug|Any CPU
		{09909548-97B6-46F1-AB57-B1B5B066C25B}.Debug|x86.Build.0 = Debug|Any CPU
		{09909548-97B6-46F1-AB57-B1B5B066C25B}.Release|Any CPU.ActiveCfg = Release|Any CPU
		{09909548-97B6-46F1-AB57-B1B5B066C25B}.Release|Any CPU.Build.0 = Release|Any CPU
		{09909548-97B6-46F1-AB57-B1B5B066C25B}.Release|x86.ActiveCfg = Release|Any CPU
		{09909548-97B6-46F1-AB57-B1B5B066C25B}.Release|x86.Build.0 = Release|Any CPU
		{514F4621-D142-4643-8EE0-E8C8D96A8367}.Debug|Any CPU.ActiveCfg = Debug|Any CPU
		{514F4621-D142-4643-8EE0-E8C8D96A8367}.Debug|Any CPU.Build.0 = Debug|Any CPU
		{514F4621-D142-4643-8EE0-E8C8D96A8367}.Debug|x86.ActiveCfg = Debug|Any CPU
		{514F4621-D142-4643-8EE0-E8C8D96A8367}.Debug|x86.Build.0 = Debug|Any CPU
		{514F4621-D142-4643-8EE0-E8C8D96A8367}.Release|Any CPU.ActiveCfg = Release|Any CPU
		{514F4621-D142-4643-8EE0-E8C8D96A8367}.Release|Any CPU.Build.0 = Release|Any CPU
		{514F4621-D142-4643-8EE0-E8C8D96A8367}.Release|x86.ActiveCfg = Release|Any CPU
		{514F4621-D142-4643-8EE0-E8C8D96A8367}.Release|x86.Build.0 = Release|Any CPU
		{9B2717DA-7F6C-49FB-8A36-FA973B1BE617}.Debug|Any CPU.ActiveCfg = Debug|Any CPU
		{9B2717DA-7F6C-49FB-8A36-FA973B1BE617}.Debug|Any CPU.Build.0 = Debug|Any CPU
		{9B2717DA-7F6C-49FB-8A36-FA973B1BE617}.Debug|x86.ActiveCfg = Debug|Any CPU
		{9B2717DA-7F6C-49FB-8A36-FA973B1BE617}.Debug|x86.Build.0 = Debug|Any CPU
		{9B2717DA-7F6C-49FB-8A36-FA973B1BE617}.Release|Any CPU.ActiveCfg = Release|Any CPU
		{9B2717DA-7F6C-49FB-8A36-FA973B1BE617}.Release|Any CPU.Build.0 = Release|Any CPU
		{9B2717DA-7F6C-49FB-8A36-FA973B1BE617}.Release|x86.ActiveCfg = Release|Any CPU
		{9B2717DA-7F6C-49FB-8A36-FA973B1BE617}.Release|x86.Build.0 = Release|Any CPU
		{FC9D98E4-EE93-4C9B-BC2B-ADF0569726E4}.Debug|Any CPU.ActiveCfg = Debug|Any CPU
		{FC9D98E4-EE93-4C9B-BC2B-ADF0569726E4}.Debug|Any CPU.Build.0 = Debug|Any CPU
		{FC9D98E4-EE93-4C9B-BC2B-ADF0569726E4}.Debug|x86.ActiveCfg = Debug|Any CPU
		{FC9D98E4-EE93-4C9B-BC2B-ADF0569726E4}.Debug|x86.Build.0 = Debug|Any CPU
		{FC9D98E4-EE93-4C9B-BC2B-ADF0569726E4}.Release|Any CPU.ActiveCfg = Release|Any CPU
		{FC9D98E4-EE93-4C9B-BC2B-ADF0569726E4}.Release|Any CPU.Build.0 = Release|Any CPU
		{FC9D98E4-EE93-4C9B-BC2B-ADF0569726E4}.Release|x86.ActiveCfg = Release|Any CPU
		{FC9D98E4-EE93-4C9B-BC2B-ADF0569726E4}.Release|x86.Build.0 = Release|Any CPU
		{88A394EF-D26C-4651-9F81-14F3093931A7}.Debug|Any CPU.ActiveCfg = Debug|Any CPU
		{88A394EF-D26C-4651-9F81-14F3093931A7}.Debug|Any CPU.Build.0 = Debug|Any CPU
		{88A394EF-D26C-4651-9F81-14F3093931A7}.Debug|x86.ActiveCfg = Debug|Any CPU
		{88A394EF-D26C-4651-9F81-14F3093931A7}.Debug|x86.Build.0 = Debug|Any CPU
		{88A394EF-D26C-4651-9F81-14F3093931A7}.Release|Any CPU.ActiveCfg = Release|Any CPU
		{88A394EF-D26C-4651-9F81-14F3093931A7}.Release|Any CPU.Build.0 = Release|Any CPU
		{88A394EF-D26C-4651-9F81-14F3093931A7}.Release|x86.ActiveCfg = Release|Any CPU
		{88A394EF-D26C-4651-9F81-14F3093931A7}.Release|x86.Build.0 = Release|Any CPU
		{C8D7DE74-E96F-46B7-99E4-2AF0F3319DD5}.Debug|Any CPU.ActiveCfg = Debug|Any CPU
		{C8D7DE74-E96F-46B7-99E4-2AF0F3319DD5}.Debug|Any CPU.Build.0 = Debug|Any CPU
		{C8D7DE74-E96F-46B7-99E4-2AF0F3319DD5}.Debug|x86.ActiveCfg = Debug|Any CPU
		{C8D7DE74-E96F-46B7-99E4-2AF0F3319DD5}.Debug|x86.Build.0 = Debug|Any CPU
		{C8D7DE74-E96F-46B7-99E4-2AF0F3319DD5}.Release|Any CPU.ActiveCfg = Release|Any CPU
		{C8D7DE74-E96F-46B7-99E4-2AF0F3319DD5}.Release|Any CPU.Build.0 = Release|Any CPU
		{C8D7DE74-E96F-46B7-99E4-2AF0F3319DD5}.Release|x86.ActiveCfg = Release|Any CPU
		{C8D7DE74-E96F-46B7-99E4-2AF0F3319DD5}.Release|x86.Build.0 = Release|Any CPU
		{B6D7BB20-459F-433D-9463-31A82F51957A}.Debug|Any CPU.ActiveCfg = Debug|Any CPU
		{B6D7BB20-459F-433D-9463-31A82F51957A}.Debug|Any CPU.Build.0 = Debug|Any CPU
		{B6D7BB20-459F-433D-9463-31A82F51957A}.Debug|x86.ActiveCfg = Debug|Any CPU
		{B6D7BB20-459F-433D-9463-31A82F51957A}.Debug|x86.Build.0 = Debug|Any CPU
		{B6D7BB20-459F-433D-9463-31A82F51957A}.Release|Any CPU.ActiveCfg = Release|Any CPU
		{B6D7BB20-459F-433D-9463-31A82F51957A}.Release|Any CPU.Build.0 = Release|Any CPU
		{B6D7BB20-459F-433D-9463-31A82F51957A}.Release|x86.ActiveCfg = Release|Any CPU
		{B6D7BB20-459F-433D-9463-31A82F51957A}.Release|x86.Build.0 = Release|Any CPU
		{9A1995E6-8D5C-48FF-9C8C-76943126B5CA}.Debug|Any CPU.ActiveCfg = Debug|Any CPU
		{9A1995E6-8D5C-48FF-9C8C-76943126B5CA}.Debug|Any CPU.Build.0 = Debug|Any CPU
		{9A1995E6-8D5C-48FF-9C8C-76943126B5CA}.Debug|x86.ActiveCfg = Debug|Any CPU
		{9A1995E6-8D5C-48FF-9C8C-76943126B5CA}.Debug|x86.Build.0 = Debug|Any CPU
		{9A1995E6-8D5C-48FF-9C8C-76943126B5CA}.Release|Any CPU.ActiveCfg = Release|Any CPU
		{9A1995E6-8D5C-48FF-9C8C-76943126B5CA}.Release|Any CPU.Build.0 = Release|Any CPU
		{9A1995E6-8D5C-48FF-9C8C-76943126B5CA}.Release|x86.ActiveCfg = Release|Any CPU
		{9A1995E6-8D5C-48FF-9C8C-76943126B5CA}.Release|x86.Build.0 = Release|Any CPU
	EndGlobalSection
	GlobalSection(SolutionProperties) = preSolution
		HideSolutionNode = FALSE
	EndGlobalSection
	GlobalSection(ExtensibilityGlobals) = postSolution
		SolutionGuid = {F7F28609-AEC8-4799-8A48-11C0DDB018F1}
	EndGlobalSection
EndGlobal
