
Microsoft Visual Studio Solution File, Format Version 12.00
# Visual Studio 15
VisualStudioVersion = 15.0.28307.539
MinimumVisualStudioVersion = 10.0.40219.1
Project("{FAE04EC0-301F-11D3-BF4B-00C04F79EFBC}") = "SimulationMouseKeyboard", "SimulationMouseKeyboard\SimulationMouseKeyboard.csproj", "{38C753F3-470B-41DE-A76E-82CCB05EC25A}"
EndProject
Project("{FAE04EC0-301F-11D3-BF4B-00C04F79EFBC}") = "SimulationMouseKeyboardForm", "SimulationMouseKeyboardForm\SimulationMouseKeyboardForm.csproj", "{47D5CA01-E506-4075-9C54-B6F5B9910982}"
EndProject
Project("{2150E333-8FDC-42A3-9474-1A3956D46DE8}") = "Solution Items", "Solution Items", "{C669B360-DD7F-41EF-846F-F677DC8C9477}"
	ProjectSection(SolutionItems) = preProject
		.gitignore = .gitignore
	EndProjectSection
EndProject
Project("{FAE04EC0-301F-11D3-BF4B-00C04F79EFBC}") = "UnitTestProject1", "UnitTestProject1\UnitTestProject1.csproj", "{B31ABD14-5025-4CE2-9363-F72122BAC0F2}"
EndProject
Project("{FAE04EC0-301F-11D3-BF4B-00C04F79EFBC}") = "User32Test", "SearchBar\User32Test.csproj", "{A25C0BFC-BCC7-447E-9D04-3EFBD4AC3939}"
EndProject
Project("{FAE04EC0-301F-11D3-BF4B-00C04F79EFBC}") = "DMTest", "DMTest\DMTest.csproj", "{34DBD508-92F4-4489-AA14-43BF412C2101}"
EndProject
Project("{FAE04EC0-301F-11D3-BF4B-00C04F79EFBC}") = "HookTest", "HookTest\HookTest.csproj", "{1A1A60E3-12E8-41EE-863D-6CDC35547D22}"
EndProject
Project("{FAE04EC0-301F-11D3-BF4B-00C04F79EFBC}") = "FileUploadDownLoad", "FileUploadDownLoad\FileUploadDownLoad.csproj", "{0B5C303F-6C6C-4829-97A5-FE4D4A0DA16F}"
EndProject
Global
	GlobalSection(SolutionConfigurationPlatforms) = preSolution
		Debug|Any CPU = Debug|Any CPU
		Release|Any CPU = Release|Any CPU
	EndGlobalSection
	GlobalSection(ProjectConfigurationPlatforms) = postSolution
		{38C753F3-470B-41DE-A76E-82CCB05EC25A}.Debug|Any CPU.ActiveCfg = Debug|Any CPU
		{38C753F3-470B-41DE-A76E-82CCB05EC25A}.Debug|Any CPU.Build.0 = Debug|Any CPU
		{38C753F3-470B-41DE-A76E-82CCB05EC25A}.Release|Any CPU.ActiveCfg = Release|Any CPU
		{38C753F3-470B-41DE-A76E-82CCB05EC25A}.Release|Any CPU.Build.0 = Release|Any CPU
		{47D5CA01-E506-4075-9C54-B6F5B9910982}.Debug|Any CPU.ActiveCfg = Debug|Any CPU
		{47D5CA01-E506-4075-9C54-B6F5B9910982}.Debug|Any CPU.Build.0 = Debug|Any CPU
		{47D5CA01-E506-4075-9C54-B6F5B9910982}.Release|Any CPU.ActiveCfg = Release|Any CPU
		{47D5CA01-E506-4075-9C54-B6F5B9910982}.Release|Any CPU.Build.0 = Release|Any CPU
		{B31ABD14-5025-4CE2-9363-F72122BAC0F2}.Debug|Any CPU.ActiveCfg = Debug|Any CPU
		{B31ABD14-5025-4CE2-9363-F72122BAC0F2}.Debug|Any CPU.Build.0 = Debug|Any CPU
		{B31ABD14-5025-4CE2-9363-F72122BAC0F2}.Release|Any CPU.ActiveCfg = Release|Any CPU
		{B31ABD14-5025-4CE2-9363-F72122BAC0F2}.Release|Any CPU.Build.0 = Release|Any CPU
		{A25C0BFC-BCC7-447E-9D04-3EFBD4AC3939}.Debug|Any CPU.ActiveCfg = Debug|Any CPU
		{A25C0BFC-BCC7-447E-9D04-3EFBD4AC3939}.Debug|Any CPU.Build.0 = Debug|Any CPU
		{A25C0BFC-BCC7-447E-9D04-3EFBD4AC3939}.Release|Any CPU.ActiveCfg = Release|Any CPU
		{A25C0BFC-BCC7-447E-9D04-3EFBD4AC3939}.Release|Any CPU.Build.0 = Release|Any CPU
		{34DBD508-92F4-4489-AA14-43BF412C2101}.Debug|Any CPU.ActiveCfg = Debug|Any CPU
		{34DBD508-92F4-4489-AA14-43BF412C2101}.Debug|Any CPU.Build.0 = Debug|Any CPU
		{34DBD508-92F4-4489-AA14-43BF412C2101}.Release|Any CPU.ActiveCfg = Release|Any CPU
		{34DBD508-92F4-4489-AA14-43BF412C2101}.Release|Any CPU.Build.0 = Release|Any CPU
		{1A1A60E3-12E8-41EE-863D-6CDC35547D22}.Debug|Any CPU.ActiveCfg = Debug|Any CPU
		{1A1A60E3-12E8-41EE-863D-6CDC35547D22}.Debug|Any CPU.Build.0 = Debug|Any CPU
		{1A1A60E3-12E8-41EE-863D-6CDC35547D22}.Release|Any CPU.ActiveCfg = Release|Any CPU
		{1A1A60E3-12E8-41EE-863D-6CDC35547D22}.Release|Any CPU.Build.0 = Release|Any CPU
		{0B5C303F-6C6C-4829-97A5-FE4D4A0DA16F}.Debug|Any CPU.ActiveCfg = Debug|Any CPU
		{0B5C303F-6C6C-4829-97A5-FE4D4A0DA16F}.Debug|Any CPU.Build.0 = Debug|Any CPU
		{0B5C303F-6C6C-4829-97A5-FE4D4A0DA16F}.Release|Any CPU.ActiveCfg = Release|Any CPU
		{0B5C303F-6C6C-4829-97A5-FE4D4A0DA16F}.Release|Any CPU.Build.0 = Release|Any CPU
	EndGlobalSection
	GlobalSection(SolutionProperties) = preSolution
		HideSolutionNode = FALSE
	EndGlobalSection
	GlobalSection(ExtensibilityGlobals) = postSolution
		SolutionGuid = {F7F28609-AEC8-4799-8A48-11C0DDB018F1}
	EndGlobalSection
EndGlobal
