
Microsoft Visual Studio Solution File, Format Version 12.00
# Visual Studio 15
VisualStudioVersion = 15.0.28307.539
MinimumVisualStudioVersion = 10.0.40219.1
Project("{FAE04EC0-301F-11D3-BF4B-00C04F79EFBC}") = "SimulationMouseKeyboard", "SimulationMouseKeyboard\SimulationMouseKeyboard.csproj", "{38C753F3-470B-41DE-A76E-82CCB05EC25A}"
EndProject
Project("{FAE04EC0-301F-11D3-BF4B-00C04F79EFBC}") = "SimulationMouseKeyboardForm", "SimulationMouseKeyboardForm\SimulationMouseKeyboardForm.csproj", "{47D5CA01-E506-4075-9C54-B6F5B9910982}"
EndProject
Project("{2150E333-8FDC-42A3-9474-1A3956D46DE8}") = "Solution Items", "Solution Items", "{C669B360-DD7F-41EF-846F-F677DC8C9477}"
	ProjectSection(SolutionItems) = preProject
		.gitignore = .gitignore
	EndProjectSection
EndProject
Project("{FAE04EC0-301F-11D3-BF4B-00C04F79EFBC}") = "User32Test", "SearchBar\User32Test.csproj", "{A25C0BFC-BCC7-447E-9D04-3EFBD4AC3939}"
EndProject
Project("{FAE04EC0-301F-11D3-BF4B-00C04F79EFBC}") = "FileUploadDownLoad", "FileUploadDownLoad\FileUploadDownLoad.csproj", "{0B5C303F-6C6C-4829-97A5-FE4D4A0DA16F}"
EndProject
Project("{FAE04EC0-301F-11D3-BF4B-00C04F79EFBC}") = "PYTPrinter", "PYTPrinter\PYTPrinter.csproj", "{873A0DA2-EE93-428A-B8BC-7FCD66CA0DA6}"
EndProject
Project("{FAE04EC0-301F-11D3-BF4B-00C04F79EFBC}") = "Submit360", "Submit360\Submit360.csproj", "{09909548-97B6-46F1-AB57-B1B5B066C25B}"
EndProject
Project("{FAE04EC0-301F-11D3-BF4B-00C04F79EFBC}") = "NlogLearn", "NlogLearn\NlogLearn.csproj", "{514F4621-D142-4643-8EE0-E8C8D96A8367}"
EndProject
Project("{FAE04EC0-301F-11D3-BF4B-00C04F79EFBC}") = "GetProcessDemo", "GetProcessDemo\GetProcessDemo.csproj", "{9B2717DA-7F6C-49FB-8A36-FA973B1BE617}"
EndProject
Project("{FAE04EC0-301F-11D3-BF4B-00C04F79EFBC}") = "demo", "demo\demo.csproj", "{9A1995E6-8D5C-48FF-9C8C-76943126B5CA}"
EndProject
Project("{FAE04EC0-301F-11D3-BF4B-00C04F79EFBC}") = "SingCheckTool", "SingCheckTool\SingCheckTool.csproj", "{CD1129C2-C309-4C4E-B86D-8C06991608B5}"
EndProject
Project("{FAE04EC0-301F-11D3-BF4B-00C04F79EFBC}") = "Session", "Session\Session.csproj", "{72FA7CEB-B439-4D6A-BC92-CE8FD06C8FB1}"
EndProject
Project("{FAE04EC0-301F-11D3-BF4B-00C04F79EFBC}") = "SessionService", "SessionService\SessionService.csproj", "{A63CD8CD-7A3A-409F-8443-0767B49FD1F6}"
EndProject
Project("{FAE04EC0-301F-11D3-BF4B-00C04F79EFBC}") = "UiaTest", "UiaTest\UiaTest.csproj", "{9B8971BA-B9FF-420F-80A9-00451811B2E2}"
EndProject
Project("{FAE04EC0-301F-11D3-BF4B-00C04F79EFBC}") = "UiTest", "UiTest\UiTest.csproj", "{3FE83E5A-6D3E-4379-A71E-0B1DFF2EF500}"
EndProject
Global
	GlobalSection(SolutionConfigurationPlatforms) = preSolution
		Debug|Any CPU = Debug|Any CPU
		Debug|x86 = Debug|x86
		Release|Any CPU = Release|Any CPU
		Release|x86 = Release|x86
	EndGlobalSection
	GlobalSection(ProjectConfigurationPlatforms) = postSolution
		{38C753F3-470B-41DE-A76E-82CCB05EC25A}.Debug|Any CPU.ActiveCfg = Debug|Any CPU
		{38C753F3-470B-41DE-A76E-82CCB05EC25A}.Debug|Any CPU.Build.0 = Debug|Any CPU
		{38C753F3-470B-41DE-A76E-82CCB05EC25A}.Debug|x86.ActiveCfg = Debug|Any CPU
		{38C753F3-470B-41DE-A76E-82CCB05EC25A}.Debug|x86.Build.0 = Debug|Any CPU
		{38C753F3-470B-41DE-A76E-82CCB05EC25A}.Release|Any CPU.ActiveCfg = Release|Any CPU
		{38C753F3-470B-41DE-A76E-82CCB05EC25A}.Release|Any CPU.Build.0 = Release|Any CPU
		{38C753F3-470B-41DE-A76E-82CCB05EC25A}.Release|x86.ActiveCfg = Release|Any CPU
		{38C753F3-470B-41DE-A76E-82CCB05EC25A}.Release|x86.Build.0 = Release|Any CPU
		{47D5CA01-E506-4075-9C54-B6F5B9910982}.Debug|Any CPU.ActiveCfg = Debug|Any CPU
		{47D5CA01-E506-4075-9C54-B6F5B9910982}.Debug|Any CPU.Build.0 = Debug|Any CPU
		{47D5CA01-E506-4075-9C54-B6F5B9910982}.Debug|x86.ActiveCfg = Debug|Any CPU
		{47D5CA01-E506-4075-9C54-B6F5B9910982}.Debug|x86.Build.0 = Debug|Any CPU
		{47D5CA01-E506-4075-9C54-B6F5B9910982}.Release|Any CPU.ActiveCfg = Release|Any CPU
		{47D5CA01-E506-4075-9C54-B6F5B9910982}.Release|Any CPU.Build.0 = Release|Any CPU
		{47D5CA01-E506-4075-9C54-B6F5B9910982}.Release|x86.ActiveCfg = Release|Any CPU
		{47D5CA01-E506-4075-9C54-B6F5B9910982}.Release|x86.Build.0 = Release|Any CPU
		{A25C0BFC-BCC7-447E-9D04-3EFBD4AC3939}.Debug|Any CPU.ActiveCfg = Debug|Any CPU
		{A25C0BFC-BCC7-447E-9D04-3EFBD4AC3939}.Debug|Any CPU.Build.0 = Debug|Any CPU
		{A25C0BFC-BCC7-447E-9D04-3EFBD4AC3939}.Debug|x86.ActiveCfg = Debug|x86
		{A25C0BFC-BCC7-447E-9D04-3EFBD4AC3939}.Debug|x86.Build.0 = Debug|x86
		{A25C0BFC-BCC7-447E-9D04-3EFBD4AC3939}.Release|Any CPU.ActiveCfg = Release|Any CPU
		{A25C0BFC-BCC7-447E-9D04-3EFBD4AC3939}.Release|Any CPU.Build.0 = Release|Any CPU
		{A25C0BFC-BCC7-447E-9D04-3EFBD4AC3939}.Release|x86.ActiveCfg = Release|x86
		{A25C0BFC-BCC7-447E-9D04-3EFBD4AC3939}.Release|x86.Build.0 = Release|x86
		{0B5C303F-6C6C-4829-97A5-FE4D4A0DA16F}.Debug|Any CPU.ActiveCfg = Debug|Any CPU
		{0B5C303F-6C6C-4829-97A5-FE4D4A0DA16F}.Debug|Any CPU.Build.0 = Debug|Any CPU
		{0B5C303F-6C6C-4829-97A5-FE4D4A0DA16F}.Debug|x86.ActiveCfg = Debug|Any CPU
		{0B5C303F-6C6C-4829-97A5-FE4D4A0DA16F}.Debug|x86.Build.0 = Debug|Any CPU
		{0B5C303F-6C6C-4829-97A5-FE4D4A0DA16F}.Release|Any CPU.ActiveCfg = Release|Any CPU
		{0B5C303F-6C6C-4829-97A5-FE4D4A0DA16F}.Release|Any CPU.Build.0 = Release|Any CPU
		{0B5C303F-6C6C-4829-97A5-FE4D4A0DA16F}.Release|x86.ActiveCfg = Release|Any CPU
		{0B5C303F-6C6C-4829-97A5-FE4D4A0DA16F}.Release|x86.Build.0 = Release|Any CPU
		{873A0DA2-EE93-428A-B8BC-7FCD66CA0DA6}.Debug|Any CPU.ActiveCfg = Debug|Any CPU
		{873A0DA2-EE93-428A-B8BC-7FCD66CA0DA6}.Debug|Any CPU.Build.0 = Debug|Any CPU
		{873A0DA2-EE93-428A-B8BC-7FCD66CA0DA6}.Debug|x86.ActiveCfg = Debug|Any CPU
		{873A0DA2-EE93-428A-B8BC-7FCD66CA0DA6}.Debug|x86.Build.0 = Debug|Any CPU
		{873A0DA2-EE93-428A-B8BC-7FCD66CA0DA6}.Release|Any CPU.ActiveCfg = Release|Any CPU
		{873A0DA2-EE93-428A-B8BC-7FCD66CA0DA6}.Release|Any CPU.Build.0 = Release|Any CPU
		{873A0DA2-EE93-428A-B8BC-7FCD66CA0DA6}.Release|x86.ActiveCfg = Release|Any CPU
		{873A0DA2-EE93-428A-B8BC-7FCD66CA0DA6}.Release|x86.Build.0 = Release|Any CPU
		{09909548-97B6-46F1-AB57-B1B5B066C25B}.Debug|Any CPU.ActiveCfg = Debug|Any CPU
		{09909548-97B6-46F1-AB57-B1B5B066C25B}.Debug|Any CPU.Build.0 = Debug|Any CPU
		{09909548-97B6-46F1-AB57-B1B5B066C25B}.Debug|x86.ActiveCfg = Debug|Any CPU
		{09909548-97B6-46F1-AB57-B1B5B066C25B}.Debug|x86.Build.0 = Debug|Any CPU
		{09909548-97B6-46F1-AB57-B1B5B066C25B}.Release|Any CPU.ActiveCfg = Release|Any CPU
		{09909548-97B6-46F1-AB57-B1B5B066C25B}.Release|Any CPU.Build.0 = Release|Any CPU
		{09909548-97B6-46F1-AB57-B1B5B066C25B}.Release|x86.ActiveCfg = Release|Any CPU
		{09909548-97B6-46F1-AB57-B1B5B066C25B}.Release|x86.Build.0 = Release|Any CPU
		{514F4621-D142-4643-8EE0-E8C8D96A8367}.Debug|Any CPU.ActiveCfg = Debug|Any CPU
		{514F4621-D142-4643-8EE0-E8C8D96A8367}.Debug|Any CPU.Build.0 = Debug|Any CPU
		{514F4621-D142-4643-8EE0-E8C8D96A8367}.Debug|x86.ActiveCfg = Debug|Any CPU
		{514F4621-D142-4643-8EE0-E8C8D96A8367}.Debug|x86.Build.0 = Debug|Any CPU
		{514F4621-D142-4643-8EE0-E8C8D96A8367}.Release|Any CPU.ActiveCfg = Release|Any CPU
		{514F4621-D142-4643-8EE0-E8C8D96A8367}.Release|Any CPU.Build.0 = Release|Any CPU
		{514F4621-D142-4643-8EE0-E8C8D96A8367}.Release|x86.ActiveCfg = Release|Any CPU
		{514F4621-D142-4643-8EE0-E8C8D96A8367}.Release|x86.Build.0 = Release|Any CPU
		{9B2717DA-7F6C-49FB-8A36-FA973B1BE617}.Debug|Any CPU.ActiveCfg = Debug|Any CPU
		{9B2717DA-7F6C-49FB-8A36-FA973B1BE617}.Debug|Any CPU.Build.0 = Debug|Any CPU
		{9B2717DA-7F6C-49FB-8A36-FA973B1BE617}.Debug|x86.ActiveCfg = Debug|Any CPU
		{9B2717DA-7F6C-49FB-8A36-FA973B1BE617}.Debug|x86.Build.0 = Debug|Any CPU
		{9B2717DA-7F6C-49FB-8A36-FA973B1BE617}.Release|Any CPU.ActiveCfg = Release|Any CPU
		{9B2717DA-7F6C-49FB-8A36-FA973B1BE617}.Release|Any CPU.Build.0 = Release|Any CPU
		{9B2717DA-7F6C-49FB-8A36-FA973B1BE617}.Release|x86.ActiveCfg = Release|Any CPU
		{9B2717DA-7F6C-49FB-8A36-FA973B1BE617}.Release|x86.Build.0 = Release|Any CPU
		{9A1995E6-8D5C-48FF-9C8C-76943126B5CA}.Debug|Any CPU.ActiveCfg = Debug|Any CPU
		{9A1995E6-8D5C-48FF-9C8C-76943126B5CA}.Debug|Any CPU.Build.0 = Debug|Any CPU
		{9A1995E6-8D5C-48FF-9C8C-76943126B5CA}.Debug|x86.ActiveCfg = Debug|Any CPU
		{9A1995E6-8D5C-48FF-9C8C-76943126B5CA}.Debug|x86.Build.0 = Debug|Any CPU
		{9A1995E6-8D5C-48FF-9C8C-76943126B5CA}.Release|Any CPU.ActiveCfg = Release|Any CPU
		{9A1995E6-8D5C-48FF-9C8C-76943126B5CA}.Release|Any CPU.Build.0 = Release|Any CPU
		{9A1995E6-8D5C-48FF-9C8C-76943126B5CA}.Release|x86.ActiveCfg = Release|Any CPU
		{9A1995E6-8D5C-48FF-9C8C-76943126B5CA}.Release|x86.Build.0 = Release|Any CPU
		{CD1129C2-C309-4C4E-B86D-8C06991608B5}.Debug|Any CPU.ActiveCfg = Debug|Any CPU
		{CD1129C2-C309-4C4E-B86D-8C06991608B5}.Debug|Any CPU.Build.0 = Debug|Any CPU
		{CD1129C2-C309-4C4E-B86D-8C06991608B5}.Debug|x86.ActiveCfg = Debug|Any CPU
		{CD1129C2-C309-4C4E-B86D-8C06991608B5}.Debug|x86.Build.0 = Debug|Any CPU
		{CD1129C2-C309-4C4E-B86D-8C06991608B5}.Release|Any CPU.ActiveCfg = Release|Any CPU
		{CD1129C2-C309-4C4E-B86D-8C06991608B5}.Release|Any CPU.Build.0 = Release|Any CPU
		{CD1129C2-C309-4C4E-B86D-8C06991608B5}.Release|x86.ActiveCfg = Release|Any CPU
		{CD1129C2-C309-4C4E-B86D-8C06991608B5}.Release|x86.Build.0 = Release|Any CPU
		{72FA7CEB-B439-4D6A-BC92-CE8FD06C8FB1}.Debug|Any CPU.ActiveCfg = Debug|Any CPU
		{72FA7CEB-B439-4D6A-BC92-CE8FD06C8FB1}.Debug|Any CPU.Build.0 = Debug|Any CPU
		{72FA7CEB-B439-4D6A-BC92-CE8FD06C8FB1}.Debug|x86.ActiveCfg = Debug|Any CPU
		{72FA7CEB-B439-4D6A-BC92-CE8FD06C8FB1}.Debug|x86.Build.0 = Debug|Any CPU
		{72FA7CEB-B439-4D6A-BC92-CE8FD06C8FB1}.Release|Any CPU.ActiveCfg = Release|Any CPU
		{72FA7CEB-B439-4D6A-BC92-CE8FD06C8FB1}.Release|Any CPU.Build.0 = Release|Any CPU
		{72FA7CEB-B439-4D6A-BC92-CE8FD06C8FB1}.Release|x86.ActiveCfg = Release|Any CPU
		{72FA7CEB-B439-4D6A-BC92-CE8FD06C8FB1}.Release|x86.Build.0 = Release|Any CPU
		{A63CD8CD-7A3A-409F-8443-0767B49FD1F6}.Debug|Any CPU.ActiveCfg = Debug|Any CPU
		{A63CD8CD-7A3A-409F-8443-0767B49FD1F6}.Debug|Any CPU.Build.0 = Debug|Any CPU
		{A63CD8CD-7A3A-409F-8443-0767B49FD1F6}.Debug|x86.ActiveCfg = Debug|Any CPU
		{A63CD8CD-7A3A-409F-8443-0767B49FD1F6}.Debug|x86.Build.0 = Debug|Any CPU
		{A63CD8CD-7A3A-409F-8443-0767B49FD1F6}.Release|Any CPU.ActiveCfg = Release|Any CPU
		{A63CD8CD-7A3A-409F-8443-0767B49FD1F6}.Release|Any CPU.Build.0 = Release|Any CPU
		{A63CD8CD-7A3A-409F-8443-0767B49FD1F6}.Release|x86.ActiveCfg = Release|Any CPU
		{A63CD8CD-7A3A-409F-8443-0767B49FD1F6}.Release|x86.Build.0 = Release|Any CPU
		{9B8971BA-B9FF-420F-80A9-00451811B2E2}.Debug|Any CPU.ActiveCfg = Debug|Any CPU
		{9B8971BA-B9FF-420F-80A9-00451811B2E2}.Debug|Any CPU.Build.0 = Debug|Any CPU
		{9B8971BA-B9FF-420F-80A9-00451811B2E2}.Debug|x86.ActiveCfg = Debug|Any CPU
		{9B8971BA-B9FF-420F-80A9-00451811B2E2}.Debug|x86.Build.0 = Debug|Any CPU
		{9B8971BA-B9FF-420F-80A9-00451811B2E2}.Release|Any CPU.ActiveCfg = Release|Any CPU
		{9B8971BA-B9FF-420F-80A9-00451811B2E2}.Release|Any CPU.Build.0 = Release|Any CPU
		{9B8971BA-B9FF-420F-80A9-00451811B2E2}.Release|x86.ActiveCfg = Release|Any CPU
		{9B8971BA-B9FF-420F-80A9-00451811B2E2}.Release|x86.Build.0 = Release|Any CPU
		{3FE83E5A-6D3E-4379-A71E-0B1DFF2EF500}.Debug|Any CPU.ActiveCfg = Debug|Any CPU
		{3FE83E5A-6D3E-4379-A71E-0B1DFF2EF500}.Debug|Any CPU.Build.0 = Debug|Any CPU
		{3FE83E5A-6D3E-4379-A71E-0B1DFF2EF500}.Debug|x86.ActiveCfg = Debug|Any CPU
		{3FE83E5A-6D3E-4379-A71E-0B1DFF2EF500}.Debug|x86.Build.0 = Debug|Any CPU
		{3FE83E5A-6D3E-4379-A71E-0B1DFF2EF500}.Release|Any CPU.ActiveCfg = Release|Any CPU
		{3FE83E5A-6D3E-4379-A71E-0B1DFF2EF500}.Release|Any CPU.Build.0 = Release|Any CPU
		{3FE83E5A-6D3E-4379-A71E-0B1DFF2EF500}.Release|x86.ActiveCfg = Release|Any CPU
		{3FE83E5A-6D3E-4379-A71E-0B1DFF2EF500}.Release|x86.Build.0 = Release|Any CPU
	EndGlobalSection
	GlobalSection(SolutionProperties) = preSolution
		HideSolutionNode = FALSE
	EndGlobalSection
	GlobalSection(ExtensibilityGlobals) = postSolution
		SolutionGuid = {F7F28609-AEC8-4799-8A48-11C0DDB018F1}
	EndGlobalSection
EndGlobal
